// !$*UTF8*$!
{
	archiveVersion = 1;
	classes = {
	};
	objectVersion = 46;
	objects = {

/* Begin PBXBuildFile section */
		E96B6DD4184B4B0C008498E3 /* Foundation.framework in Frameworks */ = {isa = PBXBuildFile; fileRef = E96B6DD3184B4B0C008498E3 /* Foundation.framework */; };
		E96B6DD6184B4B0C008498E3 /* CoreGraphics.framework in Frameworks */ = {isa = PBXBuildFile; fileRef = E96B6DD5184B4B0C008498E3 /* CoreGraphics.framework */; };
		E96B6DD8184B4B0C008498E3 /* UIKit.framework in Frameworks */ = {isa = PBXBuildFile; fileRef = E96B6DD7184B4B0C008498E3 /* UIKit.framework */; };
		E96B6DDE184B4B0C008498E3 /* InfoPlist.strings in Resources */ = {isa = PBXBuildFile; fileRef = E96B6DDC184B4B0C008498E3 /* InfoPlist.strings */; };
		E96B6DE0184B4B0C008498E3 /* main.m in Sources */ = {isa = PBXBuildFile; fileRef = E96B6DDF184B4B0C008498E3 /* main.m */; };
		E96B6DE4184B4B0C008498E3 /* AppDelegate.m in Sources */ = {isa = PBXBuildFile; fileRef = E96B6DE3184B4B0C008498E3 /* AppDelegate.m */; };
		E96B6DE7184B4B0C008498E3 /* Main.storyboard in Resources */ = {isa = PBXBuildFile; fileRef = E96B6DE5184B4B0C008498E3 /* Main.storyboard */; };
		E96B6DEA184B4B0C008498E3 /* ViewController.m in Sources */ = {isa = PBXBuildFile; fileRef = E96B6DE9184B4B0C008498E3 /* ViewController.m */; };
		E96B6DEC184B4B0C008498E3 /* Images.xcassets in Resources */ = {isa = PBXBuildFile; fileRef = E96B6DEB184B4B0C008498E3 /* Images.xcassets */; };
		E96B6DF3184B4B0C008498E3 /* XCTest.framework in Frameworks */ = {isa = PBXBuildFile; fileRef = E96B6DF2184B4B0C008498E3 /* XCTest.framework */; };
		E96B6DF4184B4B0C008498E3 /* Foundation.framework in Frameworks */ = {isa = PBXBuildFile; fileRef = E96B6DD3184B4B0C008498E3 /* Foundation.framework */; };
		E96B6DF5184B4B0C008498E3 /* UIKit.framework in Frameworks */ = {isa = PBXBuildFile; fileRef = E96B6DD7184B4B0C008498E3 /* UIKit.framework */; };
		E96B6DFD184B4B0C008498E3 /* InfoPlist.strings in Resources */ = {isa = PBXBuildFile; fileRef = E96B6DFB184B4B0C008498E3 /* InfoPlist.strings */; };
		E96B6DFF184B4B0C008498E3 /* iOS7_NativeBarCodeScanningTests.m in Sources */ = {isa = PBXBuildFile; fileRef = E96B6DFE184B4B0C008498E3 /* iOS7_NativeBarCodeScanningTests.m */; };
		E96B6E0A184B4BBC008498E3 /* TKScanView.m in Sources */ = {isa = PBXBuildFile; fileRef = E96B6E09184B4BBC008498E3 /* TKScanView.m */; };
		E96B6E0D184B4DC8008498E3 /* AVCaptureDevice+Availability.m in Sources */ = {isa = PBXBuildFile; fileRef = E96B6E0C184B4DC8008498E3 /* AVCaptureDevice+Availability.m */; };
		E96B6E13184B6E92008498E3 /* ScanResultViewController.m in Sources */ = {isa = PBXBuildFile; fileRef = E96B6E12184B6E92008498E3 /* ScanResultViewController.m */; };
		E96B6E19184B84B1008498E3 /* SelectOutputTypesViewController.m in Sources */ = {isa = PBXBuildFile; fileRef = E96B6E18184B84B1008498E3 /* SelectOutputTypesViewController.m */; };
/* End PBXBuildFile section */

/* Begin PBXContainerItemProxy section */
		E96B6DF6184B4B0C008498E3 /* PBXContainerItemProxy */ = {
			isa = PBXContainerItemProxy;
			containerPortal = E96B6DC8184B4B0C008498E3 /* Project object */;
			proxyType = 1;
			remoteGlobalIDString = E96B6DCF184B4B0C008498E3;
			remoteInfo = "iOS7-NativeBarCodeScanning";
		};
/* End PBXContainerItemProxy section */

/* Begin PBXFileReference section */
		E96B6DD0184B4B0C008498E3 /* iOS7-NativeBarCodeScanning.app */ = {isa = PBXFileReference; explicitFileType = wrapper.application; includeInIndex = 0; path = "iOS7-NativeBarCodeScanning.app"; sourceTree = BUILT_PRODUCTS_DIR; };
		E96B6DD3184B4B0C008498E3 /* Foundation.framework */ = {isa = PBXFileReference; lastKnownFileType = wrapper.framework; name = Foundation.framework; path = System/Library/Frameworks/Foundation.framework; sourceTree = SDKROOT; };
		E96B6DD5184B4B0C008498E3 /* CoreGraphics.framework */ = {isa = PBXFileReference; lastKnownFileType = wrapper.framework; name = CoreGraphics.framework; path = System/Library/Frameworks/CoreGraphics.framework; sourceTree = SDKROOT; };
		E96B6DD7184B4B0C008498E3 /* UIKit.framework */ = {isa = PBXFileReference; lastKnownFileType = wrapper.framework; name = UIKit.framework; path = System/Library/Frameworks/UIKit.framework; sourceTree = SDKROOT; };
		E96B6DDB184B4B0C008498E3 /* iOS7-NativeBarCodeScanning-Info.plist */ = {isa = PBXFileReference; lastKnownFileType = text.plist.xml; path = "iOS7-NativeBarCodeScanning-Info.plist"; sourceTree = "<group>"; };
		E96B6DDD184B4B0C008498E3 /* en */ = {isa = PBXFileReference; lastKnownFileType = text.plist.strings; name = en; path = en.lproj/InfoPlist.strings; sourceTree = "<group>"; };
		E96B6DDF184B4B0C008498E3 /* main.m */ = {isa = PBXFileReference; lastKnownFileType = sourcecode.c.objc; path = main.m; sourceTree = "<group>"; };
		E96B6DE1184B4B0C008498E3 /* iOS7-NativeBarCodeScanning-Prefix.pch */ = {isa = PBXFileReference; lastKnownFileType = sourcecode.c.h; path = "iOS7-NativeBarCodeScanning-Prefix.pch"; sourceTree = "<group>"; };
		E96B6DE2184B4B0C008498E3 /* AppDelegate.h */ = {isa = PBXFileReference; lastKnownFileType = sourcecode.c.h; path = AppDelegate.h; sourceTree = "<group>"; };
		E96B6DE3184B4B0C008498E3 /* AppDelegate.m */ = {isa = PBXFileReference; lastKnownFileType = sourcecode.c.objc; path = AppDelegate.m; sourceTree = "<group>"; };
		E96B6DE6184B4B0C008498E3 /* Base */ = {isa = PBXFileReference; lastKnownFileType = file.storyboard; name = Base; path = Base.lproj/Main.storyboard; sourceTree = "<group>"; };
		E96B6DE8184B4B0C008498E3 /* ViewController.h */ = {isa = PBXFileReference; lastKnownFileType = sourcecode.c.h; path = ViewController.h; sourceTree = "<group>"; };
		E96B6DE9184B4B0C008498E3 /* ViewController.m */ = {isa = PBXFileReference; lastKnownFileType = sourcecode.c.objc; path = ViewController.m; sourceTree = "<group>"; };
		E96B6DEB184B4B0C008498E3 /* Images.xcassets */ = {isa = PBXFileReference; lastKnownFileType = folder.assetcatalog; path = Images.xcassets; sourceTree = "<group>"; };
		E96B6DF1184B4B0C008498E3 /* iOS7-NativeBarCodeScanningTests.xctest */ = {isa = PBXFileReference; explicitFileType = wrapper.cfbundle; includeInIndex = 0; path = "iOS7-NativeBarCodeScanningTests.xctest"; sourceTree = BUILT_PRODUCTS_DIR; };
		E96B6DF2184B4B0C008498E3 /* XCTest.framework */ = {isa = PBXFileReference; lastKnownFileType = wrapper.framework; name = XCTest.framework; path = Library/Frameworks/XCTest.framework; sourceTree = DEVELOPER_DIR; };
		E96B6DFA184B4B0C008498E3 /* iOS7-NativeBarCodeScanningTests-Info.plist */ = {isa = PBXFileReference; lastKnownFileType = text.plist.xml; path = "iOS7-NativeBarCodeScanningTests-Info.plist"; sourceTree = "<group>"; };
		E96B6DFC184B4B0C008498E3 /* en */ = {isa = PBXFileReference; lastKnownFileType = text.plist.strings; name = en; path = en.lproj/InfoPlist.strings; sourceTree = "<group>"; };
		E96B6DFE184B4B0C008498E3 /* iOS7_NativeBarCodeScanningTests.m */ = {isa = PBXFileReference; lastKnownFileType = sourcecode.c.objc; path = iOS7_NativeBarCodeScanningTests.m; sourceTree = "<group>"; };
		E96B6E08184B4BBC008498E3 /* TKScanView.h */ = {isa = PBXFileReference; fileEncoding = 4; lastKnownFileType = sourcecode.c.h; path = TKScanView.h; sourceTree = "<group>"; };
		E96B6E09184B4BBC008498E3 /* TKScanView.m */ = {isa = PBXFileReference; fileEncoding = 4; lastKnownFileType = sourcecode.c.objc; path = TKScanView.m; sourceTree = "<group>"; };
		E96B6E0B184B4DC8008498E3 /* AVCaptureDevice+Availability.h */ = {isa = PBXFileReference; fileEncoding = 4; lastKnownFileType = sourcecode.c.h; path = "AVCaptureDevice+Availability.h"; sourceTree = "<group>"; };
		E96B6E0C184B4DC8008498E3 /* AVCaptureDevice+Availability.m */ = {isa = PBXFileReference; fileEncoding = 4; lastKnownFileType = sourcecode.c.objc; path = "AVCaptureDevice+Availability.m"; sourceTree = "<group>"; };
		E96B6E11184B6E92008498E3 /* ScanResultViewController.h */ = {isa = PBXFileReference; fileEncoding = 4; lastKnownFileType = sourcecode.c.h; path = ScanResultViewController.h; sourceTree = "<group>"; };
		E96B6E12184B6E92008498E3 /* ScanResultViewController.m */ = {isa = PBXFileReference; fileEncoding = 4; lastKnownFileType = sourcecode.c.objc; path = ScanResultViewController.m; sourceTree = "<group>"; };
		E96B6E17184B84B1008498E3 /* SelectOutputTypesViewController.h */ = {isa = PBXFileReference; fileEncoding = 4; lastKnownFileType = sourcecode.c.h; path = SelectOutputTypesViewController.h; sourceTree = "<group>"; };
		E96B6E18184B84B1008498E3 /* SelectOutputTypesViewController.m */ = {isa = PBXFileReference; fileEncoding = 4; lastKnownFileType = sourcecode.c.objc; path = SelectOutputTypesViewController.m; sourceTree = "<group>"; };
/* End PBXFileReference section */

/* Begin PBXFrameworksBuildPhase section */
		E96B6DCD184B4B0C008498E3 /* Frameworks */ = {
			isa = PBXFrameworksBuildPhase;
			buildActionMask = 2147483647;
			files = (
				E96B6DD6184B4B0C008498E3 /* CoreGraphics.framework in Frameworks */,
				E96B6DD8184B4B0C008498E3 /* UIKit.framework in Frameworks */,
				E96B6DD4184B4B0C008498E3 /* Foundation.framework in Frameworks */,
			);
			runOnlyForDeploymentPostprocessing = 0;
		};
		E96B6DEE184B4B0C008498E3 /* Frameworks */ = {
			isa = PBXFrameworksBuildPhase;
			buildActionMask = 2147483647;
			files = (
				E96B6DF3184B4B0C008498E3 /* XCTest.framework in Frameworks */,
				E96B6DF5184B4B0C008498E3 /* UIKit.framework in Frameworks */,
				E96B6DF4184B4B0C008498E3 /* Foundation.framework in Frameworks */,
			);
			runOnlyForDeploymentPostprocessing = 0;
		};
/* End PBXFrameworksBuildPhase section */

/* Begin PBXGroup section */
		E96B6DC7184B4B0C008498E3 = {
			isa = PBXGroup;
			children = (
				E96B6DD9184B4B0C008498E3 /* iOS7-NativeBarCodeScanning */,
				E96B6DF8184B4B0C008498E3 /* iOS7-NativeBarCodeScanningTests */,
				E96B6DD2184B4B0C008498E3 /* Frameworks */,
				E96B6DD1184B4B0C008498E3 /* Products */,
			);
			sourceTree = "<group>";
		};
		E96B6DD1184B4B0C008498E3 /* Products */ = {
			isa = PBXGroup;
			children = (
				E96B6DD0184B4B0C008498E3 /* iOS7-NativeBarCodeScanning.app */,
				E96B6DF1184B4B0C008498E3 /* iOS7-NativeBarCodeScanningTests.xctest */,
			);
			name = Products;
			sourceTree = "<group>";
		};
		E96B6DD2184B4B0C008498E3 /* Frameworks */ = {
			isa = PBXGroup;
			children = (
				E96B6DD3184B4B0C008498E3 /* Foundation.framework */,
				E96B6DD5184B4B0C008498E3 /* CoreGraphics.framework */,
				E96B6DD7184B4B0C008498E3 /* UIKit.framework */,
				E96B6DF2184B4B0C008498E3 /* XCTest.framework */,
			);
			name = Frameworks;
			sourceTree = "<group>";
		};
		E96B6DD9184B4B0C008498E3 /* iOS7-NativeBarCodeScanning */ = {
			isa = PBXGroup;
			children = (
				E96B6DE2184B4B0C008498E3 /* AppDelegate.h */,
				E96B6DE3184B4B0C008498E3 /* AppDelegate.m */,
				E96B6DE5184B4B0C008498E3 /* Main.storyboard */,
				E96B6DE8184B4B0C008498E3 /* ViewController.h */,
				E96B6DE9184B4B0C008498E3 /* ViewController.m */,
				E96B6DEB184B4B0C008498E3 /* Images.xcassets */,
				E96B6DDA184B4B0C008498E3 /* Supporting Files */,
				E96B6E08184B4BBC008498E3 /* TKScanView.h */,
				E96B6E09184B4BBC008498E3 /* TKScanView.m */,
				E96B6E0B184B4DC8008498E3 /* AVCaptureDevice+Availability.h */,
				E96B6E0C184B4DC8008498E3 /* AVCaptureDevice+Availability.m */,
				E96B6E11184B6E92008498E3 /* ScanResultViewController.h */,
				E96B6E12184B6E92008498E3 /* ScanResultViewController.m */,
				E96B6E17184B84B1008498E3 /* SelectOutputTypesViewController.h */,
				E96B6E18184B84B1008498E3 /* SelectOutputTypesViewController.m */,
			);
			path = "iOS7-NativeBarCodeScanning";
			sourceTree = "<group>";
		};
		E96B6DDA184B4B0C008498E3 /* Supporting Files */ = {
			isa = PBXGroup;
			children = (
				E96B6DDB184B4B0C008498E3 /* iOS7-NativeBarCodeScanning-Info.plist */,
				E96B6DDC184B4B0C008498E3 /* InfoPlist.strings */,
				E96B6DDF184B4B0C008498E3 /* main.m */,
				E96B6DE1184B4B0C008498E3 /* iOS7-NativeBarCodeScanning-Prefix.pch */,
			);
			name = "Supporting Files";
			sourceTree = "<group>";
		};
		E96B6DF8184B4B0C008498E3 /* iOS7-NativeBarCodeScanningTests */ = {
			isa = PBXGroup;
			children = (
				E96B6DFE184B4B0C008498E3 /* iOS7_NativeBarCodeScanningTests.m */,
				E96B6DF9184B4B0C008498E3 /* Supporting Files */,
			);
			path = "iOS7-NativeBarCodeScanningTests";
			sourceTree = "<group>";
		};
		E96B6DF9184B4B0C008498E3 /* Supporting Files */ = {
			isa = PBXGroup;
			children = (
				E96B6DFA184B4B0C008498E3 /* iOS7-NativeBarCodeScanningTests-Info.plist */,
				E96B6DFB184B4B0C008498E3 /* InfoPlist.strings */,
			);
			name = "Supporting Files";
			sourceTree = "<group>";
		};
/* End PBXGroup section */

/* Begin PBXNativeTarget section */
		E96B6DCF184B4B0C008498E3 /* iOS7-NativeBarCodeScanning */ = {
			isa = PBXNativeTarget;
			buildConfigurationList = E96B6E02184B4B0C008498E3 /* Build configuration list for PBXNativeTarget "iOS7-NativeBarCodeScanning" */;
			buildPhases = (
				E96B6DCC184B4B0C008498E3 /* Sources */,
				E96B6DCD184B4B0C008498E3 /* Frameworks */,
				E96B6DCE184B4B0C008498E3 /* Resources */,
			);
			buildRules = (
			);
			dependencies = (
			);
			name = "iOS7-NativeBarCodeScanning";
			productName = "iOS7-NativeBarCodeScanning";
			productReference = E96B6DD0184B4B0C008498E3 /* iOS7-NativeBarCodeScanning.app */;
			productType = "com.apple.product-type.application";
		};
		E96B6DF0184B4B0C008498E3 /* iOS7-NativeBarCodeScanningTests */ = {
			isa = PBXNativeTarget;
			buildConfigurationList = E96B6E05184B4B0C008498E3 /* Build configuration list for PBXNativeTarget "iOS7-NativeBarCodeScanningTests" */;
			buildPhases = (
				E96B6DED184B4B0C008498E3 /* Sources */,
				E96B6DEE184B4B0C008498E3 /* Frameworks */,
				E96B6DEF184B4B0C008498E3 /* Resources */,
			);
			buildRules = (
			);
			dependencies = (
				E96B6DF7184B4B0C008498E3 /* PBXTargetDependency */,
			);
			name = "iOS7-NativeBarCodeScanningTests";
			productName = "iOS7-NativeBarCodeScanningTests";
			productReference = E96B6DF1184B4B0C008498E3 /* iOS7-NativeBarCodeScanningTests.xctest */;
			productType = "com.apple.product-type.bundle.unit-test";
		};
/* End PBXNativeTarget section */

/* Begin PBXProject section */
		E96B6DC8184B4B0C008498E3 /* Project object */ = {
			isa = PBXProject;
			attributes = {
				LastUpgradeCheck = 0500;
				ORGANIZATIONNAME = "Thomas Keuleers";
				TargetAttributes = {
					E96B6DF0184B4B0C008498E3 = {
						TestTargetID = E96B6DCF184B4B0C008498E3;
					};
				};
			};
			buildConfigurationList = E96B6DCB184B4B0C008498E3 /* Build configuration list for PBXProject "iOS7-NativeBarCodeScanning" */;
			compatibilityVersion = "Xcode 3.2";
			developmentRegion = English;
			hasScannedForEncodings = 0;
			knownRegions = (
				en,
				Base,
			);
			mainGroup = E96B6DC7184B4B0C008498E3;
			productRefGroup = E96B6DD1184B4B0C008498E3 /* Products */;
			projectDirPath = "";
			projectRoot = "";
			targets = (
				E96B6DCF184B4B0C008498E3 /* iOS7-NativeBarCodeScanning */,
				E96B6DF0184B4B0C008498E3 /* iOS7-NativeBarCodeScanningTests */,
			);
		};
/* End PBXProject section */

/* Begin PBXResourcesBuildPhase section */
		E96B6DCE184B4B0C008498E3 /* Resources */ = {
			isa = PBXResourcesBuildPhase;
			buildActionMask = 2147483647;
			files = (
				E96B6DEC184B4B0C008498E3 /* Images.xcassets in Resources */,
				E96B6DDE184B4B0C008498E3 /* InfoPlist.strings in Resources */,
				E96B6DE7184B4B0C008498E3 /* Main.storyboard in Resources */,
			);
			runOnlyForDeploymentPostprocessing = 0;
		};
		E96B6DEF184B4B0C008498E3 /* Resources */ = {
			isa = PBXResourcesBuildPhase;
			buildActionMask = 2147483647;
			files = (
				E96B6DFD184B4B0C008498E3 /* InfoPlist.strings in Resources */,
			);
			runOnlyForDeploymentPostprocessing = 0;
		};
/* End PBXResourcesBuildPhase section */

/* Begin PBXSourcesBuildPhase section */
		E96B6DCC184B4B0C008498E3 /* Sources */ = {
			isa = PBXSourcesBuildPhase;
			buildActionMask = 2147483647;
			files = (
				E96B6DEA184B4B0C008498E3 /* ViewController.m in Sources */,
				E96B6DE4184B4B0C008498E3 /* AppDelegate.m in Sources */,
				E96B6E19184B84B1008498E3 /* SelectOutputTypesViewController.m in Sources */,
				E96B6E0A184B4BBC008498E3 /* TKScanView.m in Sources */,
				E96B6DE0184B4B0C008498E3 /* main.m in Sources */,
				E96B6E13184B6E92008498E3 /* ScanResultViewController.m in Sources */,
				E96B6E0D184B4DC8008498E3 /* AVCaptureDevice+Availability.m in Sources */,
			);
			runOnlyForDeploymentPostprocessing = 0;
		};
		E96B6DED184B4B0C008498E3 /* Sources */ = {
			isa = PBXSourcesBuildPhase;
			buildActionMask = 2147483647;
			files = (
				E96B6DFF184B4B0C008498E3 /* iOS7_NativeBarCodeScanningTests.m in Sources */,
			);
			runOnlyForDeploymentPostprocessing = 0;
		};
/* End PBXSourcesBuildPhase section */

/* Begin PBXTargetDependency section */
		E96B6DF7184B4B0C008498E3 /* PBXTargetDependency */ = {
			isa = PBXTargetDependency;
			target = E96B6DCF184B4B0C008498E3 /* iOS7-NativeBarCodeScanning */;
			targetProxy = E96B6DF6184B4B0C008498E3 /* PBXContainerItemProxy */;
		};
/* End PBXTargetDependency section */

/* Begin PBXVariantGroup section */
		E96B6DDC184B4B0C008498E3 /* InfoPlist.strings */ = {
			isa = PBXVariantGroup;
			children = (
				E96B6DDD184B4B0C008498E3 /* en */,
			);
			name = InfoPlist.strings;
			sourceTree = "<group>";
		};
		E96B6DE5184B4B0C008498E3 /* Main.storyboard */ = {
			isa = PBXVariantGroup;
			children = (
				E96B6DE6184B4B0C008498E3 /* Base */,
			);
			name = Main.storyboard;
			sourceTree = "<group>";
		};
		E96B6DFB184B4B0C008498E3 /* InfoPlist.strings */ = {
			isa = PBXVariantGroup;
			children = (
				E96B6DFC184B4B0C008498E3 /* en */,
			);
			name = InfoPlist.strings;
			sourceTree = "<group>";
		};
/* End PBXVariantGroup section */

/* Begin XCBuildConfiguration section */
		E96B6E00184B4B0C008498E3 /* Debug */ = {
			isa = XCBuildConfiguration;
			buildSettings = {
				ALWAYS_SEARCH_USER_PATHS = NO;
				ARCHS = "$(ARCHS_STANDARD_INCLUDING_64_BIT)";
				CLANG_CXX_LANGUAGE_STANDARD = "gnu++0x";
				CLANG_CXX_LIBRARY = "libc++";
				CLANG_ENABLE_MODULES = YES;
				CLANG_ENABLE_OBJC_ARC = YES;
				CLANG_WARN_BOOL_CONVERSION = YES;
				CLANG_WARN_CONSTANT_CONVERSION = YES;
				CLANG_WARN_DIRECT_OBJC_ISA_USAGE = YES_ERROR;
				CLANG_WARN_EMPTY_BODY = YES;
				CLANG_WARN_ENUM_CONVERSION = YES;
				CLANG_WARN_INT_CONVERSION = YES;
				CLANG_WARN_OBJC_ROOT_CLASS = YES_ERROR;
				CLANG_WARN__DUPLICATE_METHOD_MATCH = YES;
				"CODE_SIGN_IDENTITY[sdk=iphoneos*]" = "iPhone Developer";
				COPY_PHASE_STRIP = NO;
				GCC_C_LANGUAGE_STANDARD = gnu99;
				GCC_DYNAMIC_NO_PIC = NO;
				GCC_OPTIMIZATION_LEVEL = 0;
				GCC_PREPROCESSOR_DEFINITIONS = (
					"DEBUG=1",
					"$(inherited)",
				);
				GCC_SYMBOLS_PRIVATE_EXTERN = NO;
				GCC_WARN_64_TO_32_BIT_CONVERSION = YES;
				GCC_WARN_ABOUT_RETURN_TYPE = YES_ERROR;
				GCC_WARN_UNDECLARED_SELECTOR = YES;
				GCC_WARN_UNINITIALIZED_AUTOS = YES;
				GCC_WARN_UNUSED_FUNCTION = YES;
				GCC_WARN_UNUSED_VARIABLE = YES;
				IPHONEOS_DEPLOYMENT_TARGET = 7.0;
				ONLY_ACTIVE_ARCH = YES;
				SDKROOT = iphoneos;
			};
			name = Debug;
		};
		E96B6E01184B4B0C008498E3 /* Release */ = {
			isa = XCBuildConfiguration;
			buildSettings = {
				ALWAYS_SEARCH_USER_PATHS = NO;
				ARCHS = "$(ARCHS_STANDARD_INCLUDING_64_BIT)";
				CLANG_CXX_LANGUAGE_STANDARD = "gnu++0x";
				CLANG_CXX_LIBRARY = "libc++";
				CLANG_ENABLE_MODULES = YES;
				CLANG_ENABLE_OBJC_ARC = YES;
				CLANG_WARN_BOOL_CONVERSION = YES;
				CLANG_WARN_CONSTANT_CONVERSION = YES;
				CLANG_WARN_DIRECT_OBJC_ISA_USAGE = YES_ERROR;
				CLANG_WARN_EMPTY_BODY = YES;
				CLANG_WARN_ENUM_CONVERSION = YES;
				CLANG_WARN_INT_CONVERSION = YES;
				CLANG_WARN_OBJC_ROOT_CLASS = YES_ERROR;
				CLANG_WARN__DUPLICATE_METHOD_MATCH = YES;
				"CODE_SIGN_IDENTITY[sdk=iphoneos*]" = "iPhone Developer";
				COPY_PHASE_STRIP = YES;
				ENABLE_NS_ASSERTIONS = NO;
				GCC_C_LANGUAGE_STANDARD = gnu99;
				GCC_WARN_64_TO_32_BIT_CONVERSION = YES;
				GCC_WARN_ABOUT_RETURN_TYPE = YES_ERROR;
				GCC_WARN_UNDECLARED_SELECTOR = YES;
				GCC_WARN_UNINITIALIZED_AUTOS = YES;
				GCC_WARN_UNUSED_FUNCTION = YES;
				GCC_WARN_UNUSED_VARIABLE = YES;
				IPHONEOS_DEPLOYMENT_TARGET = 7.0;
				SDKROOT = iphoneos;
				VALIDATE_PRODUCT = YES;
			};
			name = Release;
		};
		E96B6E03184B4B0C008498E3 /* Debug */ = {
			isa = XCBuildConfiguration;
			buildSettings = {
				ASSETCATALOG_COMPILER_APPICON_NAME = AppIcon;
				ASSETCATALOG_COMPILER_LAUNCHIMAGE_NAME = LaunchImage;
				GCC_PRECOMPILE_PREFIX_HEADER = YES;
				GCC_PREFIX_HEADER = "iOS7-NativeBarCodeScanning/iOS7-NativeBarCodeScanning-Prefix.pch";
				INFOPLIST_FILE = "iOS7-NativeBarCodeScanning/iOS7-NativeBarCodeScanning-Info.plist";
				PRODUCT_NAME = "$(TARGET_NAME)";
				WRAPPER_EXTENSION = app;
			};
			name = Debug;
		};
		E96B6E04184B4B0C008498E3 /* Release */ = {
			isa = XCBuildConfiguration;
			buildSettings = {
				ASSETCATALOG_COMPILER_APPICON_NAME = AppIcon;
				ASSETCATALOG_COMPILER_LAUNCHIMAGE_NAME = LaunchImage;
				GCC_PRECOMPILE_PREFIX_HEADER = YES;
				GCC_PREFIX_HEADER = "iOS7-NativeBarCodeScanning/iOS7-NativeBarCodeScanning-Prefix.pch";
				INFOPLIST_FILE = "iOS7-NativeBarCodeScanning/iOS7-NativeBarCodeScanning-Info.plist";
				PRODUCT_NAME = "$(TARGET_NAME)";
				WRAPPER_EXTENSION = app;
			};
			name = Release;
		};
		E96B6E06184B4B0C008498E3 /* Debug */ = {
			isa = XCBuildConfiguration;
			buildSettings = {
				ARCHS = "$(ARCHS_STANDARD_INCLUDING_64_BIT)";
				BUNDLE_LOADER = "$(BUILT_PRODUCTS_DIR)/iOS7-NativeBarCodeScanning.app/iOS7-NativeBarCodeScanning";
				FRAMEWORK_SEARCH_PATHS = (
					"$(SDKROOT)/Developer/Library/Frameworks",
					"$(inherited)",
					"$(DEVELOPER_FRAMEWORKS_DIR)",
				);
				GCC_PRECOMPILE_PREFIX_HEADER = YES;
				GCC_PREFIX_HEADER = "iOS7-NativeBarCodeScanning/iOS7-NativeBarCodeScanning-Prefix.pch";
				GCC_PREPROCESSOR_DEFINITIONS = (
					"DEBUG=1",
					"$(inherited)",
				);
				INFOPLIST_FILE = "iOS7-NativeBarCodeScanningTests/iOS7-NativeBarCodeScanningTests-Info.plist";
				PRODUCT_NAME = "$(TARGET_NAME)";
				TEST_HOST = "$(BUNDLE_LOADER)";
				WRAPPER_EXTENSION = xctest;
			};
			name = Debug;
		};
		E96B6E07184B4B0C008498E3 /* Release */ = {
			isa = XCBuildConfiguration;
			buildSettings = {
				ARCHS = "$(ARCHS_STANDARD_INCLUDING_64_BIT)";
				BUNDLE_LOADER = "$(BUILT_PRODUCTS_DIR)/iOS7-NativeBarCodeScanning.app/iOS7-NativeBarCodeScanning";
				FRAMEWORK_SEARCH_PATHS = (
					"$(SDKROOT)/Developer/Library/Frameworks",
					"$(inherited)",
					"$(DEVELOPER_FRAMEWORKS_DIR)",
				);
				GCC_PRECOMPILE_PREFIX_HEADER = YES;
				GCC_PREFIX_HEADER = "iOS7-NativeBarCodeScanning/iOS7-NativeBarCodeScanning-Prefix.pch";
				INFOPLIST_FILE = "iOS7-NativeBarCodeScanningTests/iOS7-NativeBarCodeScanningTests-Info.plist";
				PRODUCT_NAME = "$(TARGET_NAME)";
				TEST_HOST = "$(BUNDLE_LOADER)";
				WRAPPER_EXTENSION = xctest;
			};
			name = Release;
		};
/* End XCBuildConfiguration section */

/* Begin XCConfigurationList section */
		E96B6DCB184B4B0C008498E3 /* Build configuration list for PBXProject "iOS7-NativeBarCodeScanning" */ = {
			isa = XCConfigurationList;
			buildConfigurations = (
				E96B6E00184B4B0C008498E3 /* Debug */,
				E96B6E01184B4B0C008498E3 /* Release */,
			);
			defaultConfigurationIsVisible = 0;
			defaultConfigurationName = Release;
		};
		E96B6E02184B4B0C008498E3 /* Build configuration list for PBXNativeTarget "iOS7-NativeBarCodeScanning" */ = {
			isa = XCConfigurationList;
			buildConfigurations = (
				E96B6E03184B4B0C008498E3 /* Debug */,
				E96B6E04184B4B0C008498E3 /* Release */,
			);
			defaultConfigurationIsVisible = 0;
			defaultConfigurationName = Release;
		};
		E96B6E05184B4B0C008498E3 /* Build configuration list for PBXNativeTarget "iOS7-NativeBarCodeScanningTests" */ = {
			isa = XCConfigurationList;
			buildConfigurations = (
				E96B6E06184B4B0C008498E3 /* Debug */,
				E96B6E07184B4B0C008498E3 /* Release */,
			);
			defaultConfigurationIsVisible = 0;
			defaultConfigurationName = Release;
		};
/* End XCConfigurationList section */
	};
	rootObject = E96B6DC8184B4B0C008498E3 /* Project object */;
}
